
Microsoft Visual Studio Solution File, Format Version 12.00
# Visual Studio 2015
Project("{FAE04EC0-301F-11D3-BF4B-00C04F79EFBC}") = "Portofolio_WebGL.CSharp.Plugins", "Portofolio_WebGL.CSharp.Plugins.csproj", "{05E87C7F-63B5-FE6B-1102-947D388438B2}"
EndProject
Project("{FAE04EC0-301F-11D3-BF4B-00C04F79EFBC}") = "Portofolio_WebGL.CSharp", "Portofolio_WebGL.CSharp.csproj", "{D1331AB3-08CE-4A08-B26D-72D9524DF208}"
EndProject
Project("{FAE04EC0-301F-11D3-BF4B-00C04F79EFBC}") = "Portofolio_WebGL.CSharp.Editor", "Portofolio_WebGL.CSharp.Editor.csproj", "{3090AD73-31D3-BB28-890D-0998E87E40C5}"
EndProject
Global
	GlobalSection(SolutionConfigurationPlatforms) = preSolution
		Debug|Any CPU = Debug|Any CPU
		Release|Any CPU = Release|Any CPU
	EndGlobalSection
	GlobalSection(ProjectConfigurationPlatforms) = postSolution
		{05E87C7F-63B5-FE6B-1102-947D388438B2}.Debug|Any CPU.ActiveCfg = Debug|Any CPU
		{05E87C7F-63B5-FE6B-1102-947D388438B2}.Debug|Any CPU.Build.0 = Debug|Any CPU
		{05E87C7F-63B5-FE6B-1102-947D388438B2}.Release|Any CPU.ActiveCfg = Release|Any CPU
		{05E87C7F-63B5-FE6B-1102-947D388438B2}.Release|Any CPU.Build.0 = Release|Any CPU
		{D1331AB3-08CE-4A08-B26D-72D9524DF208}.Debug|Any CPU.ActiveCfg = Debug|Any CPU
		{D1331AB3-08CE-4A08-B26D-72D9524DF208}.Debug|Any CPU.Build.0 = Debug|Any CPU
		{D1331AB3-08CE-4A08-B26D-72D9524DF208}.Release|Any CPU.ActiveCfg = Release|Any CPU
		{D1331AB3-08CE-4A08-B26D-72D9524DF208}.Release|Any CPU.Build.0 = Release|Any CPU
		{3090AD73-31D3-BB28-890D-0998E87E40C5}.Debug|Any CPU.ActiveCfg = Debug|Any CPU
		{3090AD73-31D3-BB28-890D-0998E87E40C5}.Debug|Any CPU.Build.0 = Debug|Any CPU
		{3090AD73-31D3-BB28-890D-0998E87E40C5}.Release|Any CPU.ActiveCfg = Release|Any CPU
		{3090AD73-31D3-BB28-890D-0998E87E40C5}.Release|Any CPU.Build.0 = Release|Any CPU
	EndGlobalSection
	GlobalSection(SolutionProperties) = preSolution
		HideSolutionNode = FALSE
	EndGlobalSection
EndGlobal
